// !$*UTF8*$!
{
	archiveVersion = 1;
	classes = {
	};
	objectVersion = 46;
	objects = {

/* Begin PBXBuildFile section */
		2017ACE61EF2EEFD002E15A5 /* AppDelegate.swift in Sources */ = {isa = PBXBuildFile; fileRef = 2017ACE51EF2EEFD002E15A5 /* AppDelegate.swift */; };
		2017ACE81EF2EEFD002E15A5 /* HomeViewController.swift in Sources */ = {isa = PBXBuildFile; fileRef = 2017ACE71EF2EEFD002E15A5 /* HomeViewController.swift */; };
		2017ACEB1EF2EEFD002E15A5 /* Main.storyboard in Resources */ = {isa = PBXBuildFile; fileRef = 2017ACE91EF2EEFD002E15A5 /* Main.storyboard */; };
		2017ACEE1EF2EEFD002E15A5 /* LocationTracking.xcdatamodeld in Sources */ = {isa = PBXBuildFile; fileRef = 2017ACEC1EF2EEFD002E15A5 /* LocationTracking.xcdatamodeld */; };
		2017ACF01EF2EEFD002E15A5 /* Assets.xcassets in Resources */ = {isa = PBXBuildFile; fileRef = 2017ACEF1EF2EEFD002E15A5 /* Assets.xcassets */; };
		2017ACF31EF2EEFE002E15A5 /* LaunchScreen.storyboard in Resources */ = {isa = PBXBuildFile; fileRef = 2017ACF11EF2EEFE002E15A5 /* LaunchScreen.storyboard */; };
		2017ACFE1EF2EEFE002E15A5 /* LocationTests.swift in Sources */ = {isa = PBXBuildFile; fileRef = 2017ACFD1EF2EEFE002E15A5 /* LocationTests.swift */; };
		2017AD091EF2F146002E15A5 /* LocationManagerHelper.swift in Sources */ = {isa = PBXBuildFile; fileRef = 2017AD081EF2F146002E15A5 /* LocationManagerHelper.swift */; };
		2017AD0D1EF2F1A8002E15A5 /* DBHelper.swift in Sources */ = {isa = PBXBuildFile; fileRef = 2017AD0A1EF2F1A8002E15A5 /* DBHelper.swift */; };
		2017AD0E1EF2F1A8002E15A5 /* CoreDataService.swift in Sources */ = {isa = PBXBuildFile; fileRef = 2017AD0B1EF2F1A8002E15A5 /* CoreDataService.swift */; };
		2017AD0F1EF2F1A8002E15A5 /* PersistentContainer.swift in Sources */ = {isa = PBXBuildFile; fileRef = 2017AD0C1EF2F1A8002E15A5 /* PersistentContainer.swift */; };
/* End PBXBuildFile section */

/* Begin PBXContainerItemProxy section */
		2017ACFA1EF2EEFE002E15A5 /* PBXContainerItemProxy */ = {
			isa = PBXContainerItemProxy;
			containerPortal = 2017ACDA1EF2EEFD002E15A5 /* Project object */;
			proxyType = 1;
			remoteGlobalIDString = 2017ACE11EF2EEFD002E15A5;
			remoteInfo = LocationTracking;
		};
/* End PBXContainerItemProxy section */

/* Begin PBXFileReference section */
		2017ACE21EF2EEFD002E15A5 /* LocationTracking.app */ = {isa = PBXFileReference; explicitFileType = wrapper.application; includeInIndex = 0; path = LocationTracking.app; sourceTree = BUILT_PRODUCTS_DIR; };
		2017ACE51EF2EEFD002E15A5 /* AppDelegate.swift */ = {isa = PBXFileReference; lastKnownFileType = sourcecode.swift; path = AppDelegate.swift; sourceTree = "<group>"; };
		2017ACE71EF2EEFD002E15A5 /* HomeViewController.swift */ = {isa = PBXFileReference; lastKnownFileType = sourcecode.swift; path = HomeViewController.swift; sourceTree = "<group>"; };
		2017ACEA1EF2EEFD002E15A5 /* Base */ = {isa = PBXFileReference; lastKnownFileType = file.storyboard; name = Base; path = Base.lproj/Main.storyboard; sourceTree = "<group>"; };
		2017ACED1EF2EEFD002E15A5 /* LocationTracking.xcdatamodel */ = {isa = PBXFileReference; lastKnownFileType = wrapper.xcdatamodel; path = LocationTracking.xcdatamodel; sourceTree = "<group>"; };
		2017ACEF1EF2EEFD002E15A5 /* Assets.xcassets */ = {isa = PBXFileReference; lastKnownFileType = folder.assetcatalog; path = Assets.xcassets; sourceTree = "<group>"; };
		2017ACF21EF2EEFE002E15A5 /* Base */ = {isa = PBXFileReference; lastKnownFileType = file.storyboard; name = Base; path = Base.lproj/LaunchScreen.storyboard; sourceTree = "<group>"; };
		2017ACF41EF2EEFE002E15A5 /* Info.plist */ = {isa = PBXFileReference; lastKnownFileType = text.plist.xml; path = Info.plist; sourceTree = "<group>"; };
		2017ACF91EF2EEFE002E15A5 /* LocationTrackingTests.xctest */ = {isa = PBXFileReference; explicitFileType = wrapper.cfbundle; includeInIndex = 0; path = LocationTrackingTests.xctest; sourceTree = BUILT_PRODUCTS_DIR; };
		2017ACFD1EF2EEFE002E15A5 /* LocationTests.swift */ = {isa = PBXFileReference; lastKnownFileType = sourcecode.swift; path = LocationTests.swift; sourceTree = "<group>"; };
		2017ACFF1EF2EEFE002E15A5 /* Info.plist */ = {isa = PBXFileReference; lastKnownFileType = text.plist.xml; path = Info.plist; sourceTree = "<group>"; };
		2017AD081EF2F146002E15A5 /* LocationManagerHelper.swift */ = {isa = PBXFileReference; fileEncoding = 4; lastKnownFileType = sourcecode.swift; path = LocationManagerHelper.swift; sourceTree = "<group>"; };
		2017AD0A1EF2F1A8002E15A5 /* DBHelper.swift */ = {isa = PBXFileReference; fileEncoding = 4; lastKnownFileType = sourcecode.swift; path = DBHelper.swift; sourceTree = "<group>"; };
		2017AD0B1EF2F1A8002E15A5 /* CoreDataService.swift */ = {isa = PBXFileReference; fileEncoding = 4; lastKnownFileType = sourcecode.swift; path = CoreDataService.swift; sourceTree = "<group>"; };
		2017AD0C1EF2F1A8002E15A5 /* PersistentContainer.swift */ = {isa = PBXFileReference; fileEncoding = 4; lastKnownFileType = sourcecode.swift; path = PersistentContainer.swift; sourceTree = "<group>"; };
/* End PBXFileReference section */

/* Begin PBXFrameworksBuildPhase section */
		2017ACDF1EF2EEFD002E15A5 /* Frameworks */ = {
			isa = PBXFrameworksBuildPhase;
			buildActionMask = 2147483647;
			files = (
			);
			runOnlyForDeploymentPostprocessing = 0;
		};
		2017ACF61EF2EEFE002E15A5 /* Frameworks */ = {
			isa = PBXFrameworksBuildPhase;
			buildActionMask = 2147483647;
			files = (
			);
			runOnlyForDeploymentPostprocessing = 0;
		};
/* End PBXFrameworksBuildPhase section */

/* Begin PBXGroup section */
		2017ACD91EF2EEFD002E15A5 = {
			isa = PBXGroup;
			children = (
				2017ACE41EF2EEFD002E15A5 /* LocationTracking */,
				2017ACFC1EF2EEFE002E15A5 /* LocationTrackingTests */,
				2017ACE31EF2EEFD002E15A5 /* Products */,
			);
			sourceTree = "<group>";
		};
		2017ACE31EF2EEFD002E15A5 /* Products */ = {
			isa = PBXGroup;
			children = (
				2017ACE21EF2EEFD002E15A5 /* LocationTracking.app */,
				2017ACF91EF2EEFE002E15A5 /* LocationTrackingTests.xctest */,
			);
			name = Products;
			sourceTree = "<group>";
		};
		2017ACE41EF2EEFD002E15A5 /* LocationTracking */ = {
			isa = PBXGroup;
			children = (
				2017ACE51EF2EEFD002E15A5 /* AppDelegate.swift */,
				2017ACE71EF2EEFD002E15A5 /* HomeViewController.swift */,
				2017ACE91EF2EEFD002E15A5 /* Main.storyboard */,
				2017ACEF1EF2EEFD002E15A5 /* Assets.xcassets */,
				2017ACF11EF2EEFE002E15A5 /* LaunchScreen.storyboard */,
				2017ACF41EF2EEFE002E15A5 /* Info.plist */,
				2017ACEC1EF2EEFD002E15A5 /* LocationTracking.xcdatamodeld */,
				2017AD081EF2F146002E15A5 /* LocationManagerHelper.swift */,
				2017AD0A1EF2F1A8002E15A5 /* DBHelper.swift */,
				2017AD0B1EF2F1A8002E15A5 /* CoreDataService.swift */,
				2017AD0C1EF2F1A8002E15A5 /* PersistentContainer.swift */,
			);
			path = LocationTracking;
			sourceTree = "<group>";
		};
		2017ACFC1EF2EEFE002E15A5 /* LocationTrackingTests */ = {
			isa = PBXGroup;
			children = (
				2017ACFD1EF2EEFE002E15A5 /* LocationTests.swift */,
				2017ACFF1EF2EEFE002E15A5 /* Info.plist */,
			);
			path = LocationTrackingTests;
			sourceTree = "<group>";
		};
/* End PBXGroup section */

/* Begin PBXNativeTarget section */
		2017ACE11EF2EEFD002E15A5 /* LocationTracking */ = {
			isa = PBXNativeTarget;
			buildConfigurationList = 2017AD021EF2EEFE002E15A5 /* Build configuration list for PBXNativeTarget "LocationTracking" */;
			buildPhases = (
				2017ACDE1EF2EEFD002E15A5 /* Sources */,
				2017ACDF1EF2EEFD002E15A5 /* Frameworks */,
				2017ACE01EF2EEFD002E15A5 /* Resources */,
			);
			buildRules = (
			);
			dependencies = (
			);
			name = LocationTracking;
			productName = LocationTracking;
			productReference = 2017ACE21EF2EEFD002E15A5 /* LocationTracking.app */;
			productType = "com.apple.product-type.application";
		};
		2017ACF81EF2EEFE002E15A5 /* LocationTrackingTests */ = {
			isa = PBXNativeTarget;
			buildConfigurationList = 2017AD051EF2EEFE002E15A5 /* Build configuration list for PBXNativeTarget "LocationTrackingTests" */;
			buildPhases = (
				2017ACF51EF2EEFE002E15A5 /* Sources */,
				2017ACF61EF2EEFE002E15A5 /* Frameworks */,
				2017ACF71EF2EEFE002E15A5 /* Resources */,
			);
			buildRules = (
			);
			dependencies = (
				2017ACFB1EF2EEFE002E15A5 /* PBXTargetDependency */,
			);
			name = LocationTrackingTests;
			productName = LocationTrackingTests;
			productReference = 2017ACF91EF2EEFE002E15A5 /* LocationTrackingTests.xctest */;
			productType = "com.apple.product-type.bundle.unit-test";
		};
/* End PBXNativeTarget section */

/* Begin PBXProject section */
		2017ACDA1EF2EEFD002E15A5 /* Project object */ = {
			isa = PBXProject;
			attributes = {
				LastSwiftUpdateCheck = 0830;
				LastUpgradeCheck = 0830;
				ORGANIZATIONNAME = "Shridhar Mali";
				TargetAttributes = {
					2017ACE11EF2EEFD002E15A5 = {
						CreatedOnToolsVersion = 8.3.2;
						ProvisioningStyle = Automatic;
					};
					2017ACF81EF2EEFE002E15A5 = {
						CreatedOnToolsVersion = 8.3.2;
						ProvisioningStyle = Automatic;
						TestTargetID = 2017ACE11EF2EEFD002E15A5;
					};
				};
			};
			buildConfigurationList = 2017ACDD1EF2EEFD002E15A5 /* Build configuration list for PBXProject "LocationTracking" */;
			compatibilityVersion = "Xcode 3.2";
			developmentRegion = English;
			hasScannedForEncodings = 0;
			knownRegions = (
				en,
				Base,
			);
			mainGroup = 2017ACD91EF2EEFD002E15A5;
			productRefGroup = 2017ACE31EF2EEFD002E15A5 /* Products */;
			projectDirPath = "";
			projectRoot = "";
			targets = (
				2017ACE11EF2EEFD002E15A5 /* LocationTracking */,
				2017ACF81EF2EEFE002E15A5 /* LocationTrackingTests */,
			);
		};
/* End PBXProject section */

/* Begin PBXResourcesBuildPhase section */
		2017ACE01EF2EEFD002E15A5 /* Resources */ = {
			isa = PBXResourcesBuildPhase;
			buildActionMask = 2147483647;
			files = (
				2017ACF31EF2EEFE002E15A5 /* LaunchScreen.storyboard in Resources */,
				2017ACF01EF2EEFD002E15A5 /* Assets.xcassets in Resources */,
				2017ACEB1EF2EEFD002E15A5 /* Main.storyboard in Resources */,
			);
			runOnlyForDeploymentPostprocessing = 0;
		};
		2017ACF71EF2EEFE002E15A5 /* Resources */ = {
			isa = PBXResourcesBuildPhase;
			buildActionMask = 2147483647;
			files = (
			);
			runOnlyForDeploymentPostprocessing = 0;
		};
/* End PBXResourcesBuildPhase section */

/* Begin PBXSourcesBuildPhase section */
		2017ACDE1EF2EEFD002E15A5 /* Sources */ = {
			isa = PBXSourcesBuildPhase;
			buildActionMask = 2147483647;
			files = (
				2017ACEE1EF2EEFD002E15A5 /* LocationTracking.xcdatamodeld in Sources */,
				2017ACE81EF2EEFD002E15A5 /* HomeViewController.swift in Sources */,
				2017AD0D1EF2F1A8002E15A5 /* DBHelper.swift in Sources */,
				2017AD091EF2F146002E15A5 /* LocationManagerHelper.swift in Sources */,
				2017AD0F1EF2F1A8002E15A5 /* PersistentContainer.swift in Sources */,
				2017AD0E1EF2F1A8002E15A5 /* CoreDataService.swift in Sources */,
				2017ACE61EF2EEFD002E15A5 /* AppDelegate.swift in Sources */,
			);
			runOnlyForDeploymentPostprocessing = 0;
		};
		2017ACF51EF2EEFE002E15A5 /* Sources */ = {
			isa = PBXSourcesBuildPhase;
			buildActionMask = 2147483647;
			files = (
				2017ACFE1EF2EEFE002E15A5 /* LocationTests.swift in Sources */,
			);
			runOnlyForDeploymentPostprocessing = 0;
		};
/* End PBXSourcesBuildPhase section */

/* Begin PBXTargetDependency section */
		2017ACFB1EF2EEFE002E15A5 /* PBXTargetDependency */ = {
			isa = PBXTargetDependency;
			target = 2017ACE11EF2EEFD002E15A5 /* LocationTracking */;
			targetProxy = 2017ACFA1EF2EEFE002E15A5 /* PBXContainerItemProxy */;
		};
/* End PBXTargetDependency section */

/* Begin PBXVariantGroup section */
		2017ACE91EF2EEFD002E15A5 /* Main.storyboard */ = {
			isa = PBXVariantGroup;
			children = (
				2017ACEA1EF2EEFD002E15A5 /* Base */,
			);
			name = Main.storyboard;
			sourceTree = "<group>";
		};
		2017ACF11EF2EEFE002E15A5 /* LaunchScreen.storyboard */ = {
			isa = PBXVariantGroup;
			children = (
				2017ACF21EF2EEFE002E15A5 /* Base */,
			);
			name = LaunchScreen.storyboard;
			sourceTree = "<group>";
		};
/* End PBXVariantGroup section */

/* Begin XCBuildConfiguration section */
		2017AD001EF2EEFE002E15A5 /* Debug */ = {
			isa = XCBuildConfiguration;
			buildSettings = {
				ALWAYS_SEARCH_USER_PATHS = NO;
				CLANG_ANALYZER_NONNULL = YES;
				CLANG_ANALYZER_NUMBER_OBJECT_CONVERSION = YES_AGGRESSIVE;
				CLANG_CXX_LANGUAGE_STANDARD = "gnu++0x";
				CLANG_CXX_LIBRARY = "libc++";
				CLANG_ENABLE_MODULES = YES;
				CLANG_ENABLE_OBJC_ARC = YES;
				CLANG_WARN_BOOL_CONVERSION = YES;
				CLANG_WARN_CONSTANT_CONVERSION = YES;
				CLANG_WARN_DIRECT_OBJC_ISA_USAGE = YES_ERROR;
				CLANG_WARN_DOCUMENTATION_COMMENTS = YES;
				CLANG_WARN_EMPTY_BODY = YES;
				CLANG_WARN_ENUM_CONVERSION = YES;
				CLANG_WARN_INFINITE_RECURSION = YES;
				CLANG_WARN_INT_CONVERSION = YES;
				CLANG_WARN_OBJC_ROOT_CLASS = YES_ERROR;
				CLANG_WARN_SUSPICIOUS_MOVE = YES;
				CLANG_WARN_UNREACHABLE_CODE = YES;
				CLANG_WARN__DUPLICATE_METHOD_MATCH = YES;
				"CODE_SIGN_IDENTITY[sdk=iphoneos*]" = "iPhone Developer";
				COPY_PHASE_STRIP = NO;
				DEBUG_INFORMATION_FORMAT = dwarf;
				ENABLE_STRICT_OBJC_MSGSEND = YES;
				ENABLE_TESTABILITY = YES;
				GCC_C_LANGUAGE_STANDARD = gnu99;
				GCC_DYNAMIC_NO_PIC = NO;
				GCC_NO_COMMON_BLOCKS = YES;
				GCC_OPTIMIZATION_LEVEL = 0;
				GCC_PREPROCESSOR_DEFINITIONS = (
					"DEBUG=1",
					"$(inherited)",
				);
				GCC_WARN_64_TO_32_BIT_CONVERSION = YES;
				GCC_WARN_ABOUT_RETURN_TYPE = YES_ERROR;
				GCC_WARN_UNDECLARED_SELECTOR = YES;
				GCC_WARN_UNINITIALIZED_AUTOS = YES_AGGRESSIVE;
				GCC_WARN_UNUSED_FUNCTION = YES;
				GCC_WARN_UNUSED_VARIABLE = YES;
				IPHONEOS_DEPLOYMENT_TARGET = 10.3;
				MTL_ENABLE_DEBUG_INFO = YES;
				ONLY_ACTIVE_ARCH = YES;
				SDKROOT = iphoneos;
				SWIFT_ACTIVE_COMPILATION_CONDITIONS = DEBUG;
				SWIFT_OPTIMIZATION_LEVEL = "-Onone";
				TARGETED_DEVICE_FAMILY = "1,2";
			};
			name = Debug;
		};
		2017AD011EF2EEFE002E15A5 /* Release */ = {
			isa = XCBuildConfiguration;
			buildSettings = {
				ALWAYS_SEARCH_USER_PATHS = NO;
				CLANG_ANALYZER_NONNULL = YES;
				CLANG_ANALYZER_NUMBER_OBJECT_CONVERSION = YES_AGGRESSIVE;
				CLANG_CXX_LANGUAGE_STANDARD = "gnu++0x";
				CLANG_CXX_LIBRARY = "libc++";
				CLANG_ENABLE_MODULES = YES;
				CLANG_ENABLE_OBJC_ARC = YES;
				CLANG_WARN_BOOL_CONVERSION = YES;
				CLANG_WARN_CONSTANT_CONVERSION = YES;
				CLANG_WARN_DIRECT_OBJC_ISA_USAGE = YES_ERROR;
				CLANG_WARN_DOCUMENTATION_COMMENTS = YES;
				CLANG_WARN_EMPTY_BODY = YES;
				CLANG_WARN_ENUM_CONVERSION = YES;
				CLANG_WARN_INFINITE_RECURSION = YES;
				CLANG_WARN_INT_CONVERSION = YES;
				CLANG_WARN_OBJC_ROOT_CLASS = YES_ERROR;
				CLANG_WARN_SUSPICIOUS_MOVE = YES;
				CLANG_WARN_UNREACHABLE_CODE = YES;
				CLANG_WARN__DUPLICATE_METHOD_MATCH = YES;
				"CODE_SIGN_IDENTITY[sdk=iphoneos*]" = "iPhone Developer";
				COPY_PHASE_STRIP = NO;
				DEBUG_INFORMATION_FORMAT = "dwarf-with-dsym";
				ENABLE_NS_ASSERTIONS = NO;
				ENABLE_STRICT_OBJC_MSGSEND = YES;
				GCC_C_LANGUAGE_STANDARD = gnu99;
				GCC_NO_COMMON_BLOCKS = YES;
				GCC_WARN_64_TO_32_BIT_CONVERSION = YES;
				GCC_WARN_ABOUT_RETURN_TYPE = YES_ERROR;
				GCC_WARN_UNDECLARED_SELECTOR = YES;
				GCC_WARN_UNINITIALIZED_AUTOS = YES_AGGRESSIVE;
				GCC_WARN_UNUSED_FUNCTION = YES;
				GCC_WARN_UNUSED_VARIABLE = YES;
				IPHONEOS_DEPLOYMENT_TARGET = 10.3;
				MTL_ENABLE_DEBUG_INFO = NO;
				SDKROOT = iphoneos;
				SWIFT_OPTIMIZATION_LEVEL = "-Owholemodule";
				TARGETED_DEVICE_FAMILY = "1,2";
				VALIDATE_PRODUCT = YES;
			};
			name = Release;
		};
		2017AD031EF2EEFE002E15A5 /* Debug */ = {
			isa = XCBuildConfiguration;
			buildSettings = {
				ASSETCATALOG_COMPILER_APPICON_NAME = AppIcon;
				INFOPLIST_FILE = LocationTracking/Info.plist;
				LD_RUNPATH_SEARCH_PATHS = "$(inherited) @executable_path/Frameworks";
				PRODUCT_BUNDLE_IDENTIFIER = com.abcd.LocationTracking;
				PRODUCT_NAME = "$(TARGET_NAME)";
				SWIFT_VERSION = 3.0;
			};
			name = Debug;
		};
		2017AD041EF2EEFE002E15A5 /* Release */ = {
			isa = XCBuildConfiguration;
			buildSettings = {
				ASSETCATALOG_COMPILER_APPICON_NAME = AppIcon;
				INFOPLIST_FILE = LocationTracking/Info.plist;
				LD_RUNPATH_SEARCH_PATHS = "$(inherited) @executable_path/Frameworks";
				PRODUCT_BUNDLE_IDENTIFIER = com.abcd.LocationTracking;
				PRODUCT_NAME = "$(TARGET_NAME)";
				SWIFT_VERSION = 3.0;
			};
			name = Release;
		};
		2017AD061EF2EEFE002E15A5 /* Debug */ = {
			isa = XCBuildConfiguration;
			buildSettings = {
				ALWAYS_EMBED_SWIFT_STANDARD_LIBRARIES = YES;
				BUNDLE_LOADER = "$(TEST_HOST)";
				INFOPLIST_FILE = LocationTrackingTests/Info.plist;
				LD_RUNPATH_SEARCH_PATHS = "$(inherited) @executable_path/Frameworks @loader_path/Frameworks";
				PRODUCT_BUNDLE_IDENTIFIER = com.abcd.LocationTrackingTests;
				PRODUCT_NAME = "$(TARGET_NAME)";
				SWIFT_VERSION = 3.0;
				TEST_HOST = "$(BUILT_PRODUCTS_DIR)/LocationTracking.app/LocationTracking";
			};
			name = Debug;
		};
		2017AD071EF2EEFE002E15A5 /* Release */ = {
			isa = XCBuildConfiguration;
			buildSettings = {
				ALWAYS_EMBED_SWIFT_STANDARD_LIBRARIES = YES;
				BUNDLE_LOADER = "$(TEST_HOST)";
				INFOPLIST_FILE = LocationTrackingTests/Info.plist;
				LD_RUNPATH_SEARCH_PATHS = "$(inherited) @executable_path/Frameworks @loader_path/Frameworks";
				PRODUCT_BUNDLE_IDENTIFIER = com.abcd.LocationTrackingTests;
				PRODUCT_NAME = "$(TARGET_NAME)";
				SWIFT_VERSION = 3.0;
				TEST_HOST = "$(BUILT_PRODUCTS_DIR)/LocationTracking.app/LocationTracking";
			};
			name = Release;
		};
/* End XCBuildConfiguration section */

/* Begin XCConfigurationList section */
		2017ACDD1EF2EEFD002E15A5 /* Build configuration list for PBXProject "LocationTracking" */ = {
			isa = XCConfigurationList;
			buildConfigurations = (
				2017AD001EF2EEFE002E15A5 /* Debug */,
				2017AD011EF2EEFE002E15A5 /* Release */,
			);
			defaultConfigurationIsVisible = 0;
			defaultConfigurationName = Release;
		};
		2017AD021EF2EEFE002E15A5 /* Build configuration list for PBXNativeTarget "LocationTracking" */ = {
			isa = XCConfigurationList;
			buildConfigurations = (
				2017AD031EF2EEFE002E15A5 /* Debug */,
				2017AD041EF2EEFE002E15A5 /* Release */,
			);
			defaultConfigurationIsVisible = 0;
		};
		2017AD051EF2EEFE002E15A5 /* Build configuration list for PBXNativeTarget "LocationTrackingTests" */ = {
			isa = XCConfigurationList;
			buildConfigurations = (
				2017AD061EF2EEFE002E15A5 /* Debug */,
				2017AD071EF2EEFE002E15A5 /* Release */,
			);
			defaultConfigurationIsVisible = 0;
		};
/* End XCConfigurationList section */

/* Begin XCVersionGroup section */
		2017ACEC1EF2EEFD002E15A5 /* LocationTracking.xcdatamodeld */ = {
			isa = XCVersionGroup;
			children = (
				2017ACED1EF2EEFD002E15A5 /* LocationTracking.xcdatamodel */,
			);
			currentVersion = 2017ACED1EF2EEFD002E15A5 /* LocationTracking.xcdatamodel */;
			path = LocationTracking.xcdatamodeld;
			sourceTree = "<group>";
			versionGroupType = wrapper.xcdatamodel;
		};
/* End XCVersionGroup section */
	};
	rootObject = 2017ACDA1EF2EEFD002E15A5 /* Project object */;
}
